// !$*UTF8*$!
{
	archiveVersion = 1;
	classes = {
	};
	objectVersion = 56;
	objects = {

/* Begin PBXBuildFile section */
		5F267470295475BA006901D2 /* LocationSearchView.swift in Sources */ = {isa = PBXBuildFile; fileRef = 5F26746F295475BA006901D2 /* LocationSearchView.swift */; };
		5F26747229547CE3006901D2 /* LocationSearchResultCell.swift in Sources */ = {isa = PBXBuildFile; fileRef = 5F26747129547CE3006901D2 /* LocationSearchResultCell.swift */; };
		5F26747429548DC9006901D2 /* LocationSearchViewModel.swift in Sources */ = {isa = PBXBuildFile; fileRef = 5F26747329548DC9006901D2 /* LocationSearchViewModel.swift */; };
		5F2674762954C87D006901D2 /* MapViewState.swift in Sources */ = {isa = PBXBuildFile; fileRef = 5F2674752954C87D006901D2 /* MapViewState.swift */; };
		5F88B2E82953746800641E6E /* UberClone_SwiftUIApp.swift in Sources */ = {isa = PBXBuildFile; fileRef = 5F88B2E72953746800641E6E /* UberClone_SwiftUIApp.swift */; };
		5F88B2EC2953746900641E6E /* Assets.xcassets in Resources */ = {isa = PBXBuildFile; fileRef = 5F88B2EB2953746900641E6E /* Assets.xcassets */; };
		5F88B2EF2953746900641E6E /* Preview Assets.xcassets in Resources */ = {isa = PBXBuildFile; fileRef = 5F88B2EE2953746900641E6E /* Preview Assets.xcassets */; };
		5F88B2FF2953751C00641E6E /* HomeView.swift in Sources */ = {isa = PBXBuildFile; fileRef = 5F88B2FE2953751C00641E6E /* HomeView.swift */; };
		5F88B3012953757500641E6E /* UberMapViewRepresentable.swift in Sources */ = {isa = PBXBuildFile; fileRef = 5F88B3002953757500641E6E /* UberMapViewRepresentable.swift */; };
		5F88B3032953780400641E6E /* LocationManager.swift in Sources */ = {isa = PBXBuildFile; fileRef = 5F88B3022953780400641E6E /* LocationManager.swift */; };
		5F88B30929538FA400641E6E /* LocationSearchActivationView.swift in Sources */ = {isa = PBXBuildFile; fileRef = 5F88B30829538FA400641E6E /* LocationSearchActivationView.swift */; };
		5F88B30B295390E200641E6E /* MapViewActionButton.swift in Sources */ = {isa = PBXBuildFile; fileRef = 5F88B30A295390E200641E6E /* MapViewActionButton.swift */; };
		5FA6476F2955D37C00DD7FA8 /* RideRequestView.swift in Sources */ = {isa = PBXBuildFile; fileRef = 5FA6476E2955D37C00DD7FA8 /* RideRequestView.swift */; };
		5FA6477129561E1900DD7FA8 /* RideType.swift in Sources */ = {isa = PBXBuildFile; fileRef = 5FA6477029561E1900DD7FA8 /* RideType.swift */; };
/* End PBXBuildFile section */

/* Begin PBXFileReference section */
		5F26746F295475BA006901D2 /* LocationSearchView.swift */ = {isa = PBXFileReference; lastKnownFileType = sourcecode.swift; path = LocationSearchView.swift; sourceTree = "<group>"; };
		5F26747129547CE3006901D2 /* LocationSearchResultCell.swift */ = {isa = PBXFileReference; lastKnownFileType = sourcecode.swift; path = LocationSearchResultCell.swift; sourceTree = "<group>"; };
		5F26747329548DC9006901D2 /* LocationSearchViewModel.swift */ = {isa = PBXFileReference; lastKnownFileType = sourcecode.swift; path = LocationSearchViewModel.swift; sourceTree = "<group>"; };
		5F2674752954C87D006901D2 /* MapViewState.swift */ = {isa = PBXFileReference; lastKnownFileType = sourcecode.swift; path = MapViewState.swift; sourceTree = "<group>"; };
		5F88B2E42953746800641E6E /* UberClone_SwiftUI.app */ = {isa = PBXFileReference; explicitFileType = wrapper.application; includeInIndex = 0; path = UberClone_SwiftUI.app; sourceTree = BUILT_PRODUCTS_DIR; };
		5F88B2E72953746800641E6E /* UberClone_SwiftUIApp.swift */ = {isa = PBXFileReference; lastKnownFileType = sourcecode.swift; path = UberClone_SwiftUIApp.swift; sourceTree = "<group>"; };
		5F88B2EB2953746900641E6E /* Assets.xcassets */ = {isa = PBXFileReference; lastKnownFileType = folder.assetcatalog; path = Assets.xcassets; sourceTree = "<group>"; };
		5F88B2EE2953746900641E6E /* Preview Assets.xcassets */ = {isa = PBXFileReference; lastKnownFileType = folder.assetcatalog; path = "Preview Assets.xcassets"; sourceTree = "<group>"; };
		5F88B2FE2953751C00641E6E /* HomeView.swift */ = {isa = PBXFileReference; lastKnownFileType = sourcecode.swift; path = HomeView.swift; sourceTree = "<group>"; };
		5F88B3002953757500641E6E /* UberMapViewRepresentable.swift */ = {isa = PBXFileReference; lastKnownFileType = sourcecode.swift; path = UberMapViewRepresentable.swift; sourceTree = "<group>"; };
		5F88B3022953780400641E6E /* LocationManager.swift */ = {isa = PBXFileReference; lastKnownFileType = sourcecode.swift; path = LocationManager.swift; sourceTree = "<group>"; };
		5F88B30829538FA400641E6E /* LocationSearchActivationView.swift */ = {isa = PBXFileReference; lastKnownFileType = sourcecode.swift; path = LocationSearchActivationView.swift; sourceTree = "<group>"; };
		5F88B30A295390E200641E6E /* MapViewActionButton.swift */ = {isa = PBXFileReference; lastKnownFileType = sourcecode.swift; path = MapViewActionButton.swift; sourceTree = "<group>"; };
		5FA6476E2955D37C00DD7FA8 /* RideRequestView.swift */ = {isa = PBXFileReference; lastKnownFileType = sourcecode.swift; path = RideRequestView.swift; sourceTree = "<group>"; };
		5FA6477029561E1900DD7FA8 /* RideType.swift */ = {isa = PBXFileReference; lastKnownFileType = sourcecode.swift; path = RideType.swift; sourceTree = "<group>"; };
/* End PBXFileReference section */

/* Begin PBXFrameworksBuildPhase section */
		5F88B2E12953746800641E6E /* Frameworks */ = {
			isa = PBXFrameworksBuildPhase;
			buildActionMask = 2147483647;
			files = (
			);
			runOnlyForDeploymentPostprocessing = 0;
		};
/* End PBXFrameworksBuildPhase section */

/* Begin PBXGroup section */
		5F88B2DB2953746800641E6E = {
			isa = PBXGroup;
			children = (
				5F88B2E62953746800641E6E /* UberClone_SwiftUI */,
				5F88B2E52953746800641E6E /* Products */,
			);
			sourceTree = "<group>";
		};
		5F88B2E52953746800641E6E /* Products */ = {
			isa = PBXGroup;
			children = (
				5F88B2E42953746800641E6E /* UberClone_SwiftUI.app */,
			);
			name = Products;
			sourceTree = "<group>";
		};
		5F88B2E62953746800641E6E /* UberClone_SwiftUI */ = {
			isa = PBXGroup;
			children = (
				5F88B2FB295374CD00641E6E /* App */,
				5F88B2FA295374CC00641E6E /* Core */,
				5F88B2F9295374C900641E6E /* Extensions */,
				5F88B2F8295374BC00641E6E /* Managers */,
				5F88B2F5295374AE00641E6E /* Models */,
				5F88B2EB2953746900641E6E /* Assets.xcassets */,
				5F88B2ED2953746900641E6E /* Preview Content */,
			);
			path = UberClone_SwiftUI;
			sourceTree = "<group>";
		};
		5F88B2ED2953746900641E6E /* Preview Content */ = {
			isa = PBXGroup;
			children = (
				5F88B2EE2953746900641E6E /* Preview Assets.xcassets */,
			);
			path = "Preview Content";
			sourceTree = "<group>";
		};
		5F88B2F5295374AE00641E6E /* Models */ = {
			isa = PBXGroup;
			children = (
				5F2674752954C87D006901D2 /* MapViewState.swift */,
				5FA6477029561E1900DD7FA8 /* RideType.swift */,
			);
			path = Models;
			sourceTree = "<group>";
		};
		5F88B2F8295374BC00641E6E /* Managers */ = {
			isa = PBXGroup;
			children = (
				5F88B3022953780400641E6E /* LocationManager.swift */,
			);
			path = Managers;
			sourceTree = "<group>";
		};
		5F88B2F9295374C900641E6E /* Extensions */ = {
			isa = PBXGroup;
			children = (
			);
			path = Extensions;
			sourceTree = "<group>";
		};
		5F88B2FA295374CC00641E6E /* Core */ = {
			isa = PBXGroup;
			children = (
				5FA6476D2955D36900DD7FA8 /* Trips */,
				5F88B30529538F7500641E6E /* LocationSearch */,
				5F88B30429538F5F00641E6E /* Home */,
			);
			path = Core;
			sourceTree = "<group>";
		};
		5F88B2FB295374CD00641E6E /* App */ = {
			isa = PBXGroup;
			children = (
				5F88B2E72953746800641E6E /* UberClone_SwiftUIApp.swift */,
			);
			path = App;
			sourceTree = "<group>";
		};
		5F88B2FC2953750600641E6E /* ViewModels */ = {
			isa = PBXGroup;
			children = (
			);
			path = ViewModels;
			sourceTree = "<group>";
		};
		5F88B2FD2953751000641E6E /* Views */ = {
			isa = PBXGroup;
			children = (
				5F88B2FE2953751C00641E6E /* HomeView.swift */,
				5F88B30A295390E200641E6E /* MapViewActionButton.swift */,
				5F88B3002953757500641E6E /* UberMapViewRepresentable.swift */,
			);
			path = Views;
			sourceTree = "<group>";
		};
		5F88B30429538F5F00641E6E /* Home */ = {
			isa = PBXGroup;
			children = (
				5F88B2FC2953750600641E6E /* ViewModels */,
				5F88B2FD2953751000641E6E /* Views */,
			);
			path = Home;
			sourceTree = "<group>";
		};
		5F88B30529538F7500641E6E /* LocationSearch */ = {
			isa = PBXGroup;
			children = (
				5F88B30729538F8600641E6E /* ViewModels */,
				5F88B30629538F8100641E6E /* Views */,
			);
			path = LocationSearch;
			sourceTree = "<group>";
		};
		5F88B30629538F8100641E6E /* Views */ = {
			isa = PBXGroup;
			children = (
				5F88B30829538FA400641E6E /* LocationSearchActivationView.swift */,
				5F26746F295475BA006901D2 /* LocationSearchView.swift */,
				5F26747129547CE3006901D2 /* LocationSearchResultCell.swift */,
			);
			path = Views;
			sourceTree = "<group>";
		};
		5F88B30729538F8600641E6E /* ViewModels */ = {
			isa = PBXGroup;
			children = (
				5F26747329548DC9006901D2 /* LocationSearchViewModel.swift */,
			);
			path = ViewModels;
			sourceTree = "<group>";
		};
		5FA6476D2955D36900DD7FA8 /* Trips */ = {
			isa = PBXGroup;
			children = (
				5FA6476E2955D37C00DD7FA8 /* RideRequestView.swift */,
			);
			path = Trips;
			sourceTree = "<group>";
		};
/* End PBXGroup section */

/* Begin PBXNativeTarget section */
		5F88B2E32953746800641E6E /* UberClone_SwiftUI */ = {
			isa = PBXNativeTarget;
			buildConfigurationList = 5F88B2F22953746900641E6E /* Build configuration list for PBXNativeTarget "UberClone_SwiftUI" */;
			buildPhases = (
				5F88B2E02953746800641E6E /* Sources */,
				5F88B2E12953746800641E6E /* Frameworks */,
				5F88B2E22953746800641E6E /* Resources */,
			);
			buildRules = (
			);
			dependencies = (
			);
			name = UberClone_SwiftUI;
			productName = UberClone_SwiftUI;
			productReference = 5F88B2E42953746800641E6E /* UberClone_SwiftUI.app */;
			productType = "com.apple.product-type.application";
		};
/* End PBXNativeTarget section */

/* Begin PBXProject section */
		5F88B2DC2953746800641E6E /* Project object */ = {
			isa = PBXProject;
			attributes = {
				BuildIndependentTargetsInParallel = 1;
				LastSwiftUpdateCheck = 1420;
				LastUpgradeCheck = 1420;
				TargetAttributes = {
					5F88B2E32953746800641E6E = {
						CreatedOnToolsVersion = 14.2;
					};
				};
			};
			buildConfigurationList = 5F88B2DF2953746800641E6E /* Build configuration list for PBXProject "UberClone_SwiftUI" */;
			compatibilityVersion = "Xcode 14.0";
			developmentRegion = en;
			hasScannedForEncodings = 0;
			knownRegions = (
				en,
				Base,
			);
			mainGroup = 5F88B2DB2953746800641E6E;
			productRefGroup = 5F88B2E52953746800641E6E /* Products */;
			projectDirPath = "";
			projectRoot = "";
			targets = (
				5F88B2E32953746800641E6E /* UberClone_SwiftUI */,
			);
		};
/* End PBXProject section */

/* Begin PBXResourcesBuildPhase section */
		5F88B2E22953746800641E6E /* Resources */ = {
			isa = PBXResourcesBuildPhase;
			buildActionMask = 2147483647;
			files = (
				5F88B2EF2953746900641E6E /* Preview Assets.xcassets in Resources */,
				5F88B2EC2953746900641E6E /* Assets.xcassets in Resources */,
			);
			runOnlyForDeploymentPostprocessing = 0;
		};
/* End PBXResourcesBuildPhase section */

/* Begin PBXSourcesBuildPhase section */
		5F88B2E02953746800641E6E /* Sources */ = {
			isa = PBXSourcesBuildPhase;
			buildActionMask = 2147483647;
			files = (
				5F26747429548DC9006901D2 /* LocationSearchViewModel.swift in Sources */,
				5F267470295475BA006901D2 /* LocationSearchView.swift in Sources */,
				5F88B3032953780400641E6E /* LocationManager.swift in Sources */,
				5FA6476F2955D37C00DD7FA8 /* RideRequestView.swift in Sources */,
				5F2674762954C87D006901D2 /* MapViewState.swift in Sources */,
				5F88B30B295390E200641E6E /* MapViewActionButton.swift in Sources */,
				5F88B2E82953746800641E6E /* UberClone_SwiftUIApp.swift in Sources */,
				5F88B3012953757500641E6E /* UberMapViewRepresentable.swift in Sources */,
				5F88B2FF2953751C00641E6E /* HomeView.swift in Sources */,
				5F88B30929538FA400641E6E /* LocationSearchActivationView.swift in Sources */,
				5F26747229547CE3006901D2 /* LocationSearchResultCell.swift in Sources */,
				5FA6477129561E1900DD7FA8 /* RideType.swift in Sources */,
			);
			runOnlyForDeploymentPostprocessing = 0;
		};
/* End PBXSourcesBuildPhase section */

/* Begin XCBuildConfiguration section */
		5F88B2F02953746900641E6E /* Debug */ = {
			isa = XCBuildConfiguration;
			buildSettings = {
				ALWAYS_SEARCH_USER_PATHS = NO;
				CLANG_ANALYZER_NONNULL = YES;
				CLANG_ANALYZER_NUMBER_OBJECT_CONVERSION = YES_AGGRESSIVE;
				CLANG_CXX_LANGUAGE_STANDARD = "gnu++20";
				CLANG_ENABLE_MODULES = YES;
				CLANG_ENABLE_OBJC_ARC = YES;
				CLANG_ENABLE_OBJC_WEAK = YES;
				CLANG_WARN_BLOCK_CAPTURE_AUTORELEASING = YES;
				CLANG_WARN_BOOL_CONVERSION = YES;
				CLANG_WARN_COMMA = YES;
				CLANG_WARN_CONSTANT_CONVERSION = YES;
				CLANG_WARN_DEPRECATED_OBJC_IMPLEMENTATIONS = YES;
				CLANG_WARN_DIRECT_OBJC_ISA_USAGE = YES_ERROR;
				CLANG_WARN_DOCUMENTATION_COMMENTS = YES;
				CLANG_WARN_EMPTY_BODY = YES;
				CLANG_WARN_ENUM_CONVERSION = YES;
				CLANG_WARN_INFINITE_RECURSION = YES;
				CLANG_WARN_INT_CONVERSION = YES;
				CLANG_WARN_NON_LITERAL_NULL_CONVERSION = YES;
				CLANG_WARN_OBJC_IMPLICIT_RETAIN_SELF = YES;
				CLANG_WARN_OBJC_LITERAL_CONVERSION = YES;
				CLANG_WARN_OBJC_ROOT_CLASS = YES_ERROR;
				CLANG_WARN_QUOTED_INCLUDE_IN_FRAMEWORK_HEADER = YES;
				CLANG_WARN_RANGE_LOOP_ANALYSIS = YES;
				CLANG_WARN_STRICT_PROTOTYPES = YES;
				CLANG_WARN_SUSPICIOUS_MOVE = YES;
				CLANG_WARN_UNGUARDED_AVAILABILITY = YES_AGGRESSIVE;
				CLANG_WARN_UNREACHABLE_CODE = YES;
				CLANG_WARN__DUPLICATE_METHOD_MATCH = YES;
				COPY_PHASE_STRIP = NO;
				DEBUG_INFORMATION_FORMAT = dwarf;
				ENABLE_STRICT_OBJC_MSGSEND = YES;
				ENABLE_TESTABILITY = YES;
				GCC_C_LANGUAGE_STANDARD = gnu11;
				GCC_DYNAMIC_NO_PIC = NO;
				GCC_NO_COMMON_BLOCKS = YES;
				GCC_OPTIMIZATION_LEVEL = 0;
				GCC_PREPROCESSOR_DEFINITIONS = (
					"DEBUG=1",
					"$(inherited)",
				);
				GCC_WARN_64_TO_32_BIT_CONVERSION = YES;
				GCC_WARN_ABOUT_RETURN_TYPE = YES_ERROR;
				GCC_WARN_UNDECLARED_SELECTOR = YES;
				GCC_WARN_UNINITIALIZED_AUTOS = YES_AGGRESSIVE;
				GCC_WARN_UNUSED_FUNCTION = YES;
				GCC_WARN_UNUSED_VARIABLE = YES;
				IPHONEOS_DEPLOYMENT_TARGET = 16.2;
				MTL_ENABLE_DEBUG_INFO = INCLUDE_SOURCE;
				MTL_FAST_MATH = YES;
				ONLY_ACTIVE_ARCH = YES;
				SDKROOT = iphoneos;
				SWIFT_ACTIVE_COMPILATION_CONDITIONS = DEBUG;
				SWIFT_OPTIMIZATION_LEVEL = "-Onone";
			};
			name = Debug;
		};
		5F88B2F12953746900641E6E /* Release */ = {
			isa = XCBuildConfiguration;
			buildSettings = {
				ALWAYS_SEARCH_USER_PATHS = NO;
				CLANG_ANALYZER_NONNULL = YES;
				CLANG_ANALYZER_NUMBER_OBJECT_CONVERSION = YES_AGGRESSIVE;
				CLANG_CXX_LANGUAGE_STANDARD = "gnu++20";
				CLANG_ENABLE_MODULES = YES;
				CLANG_ENABLE_OBJC_ARC = YES;
				CLANG_ENABLE_OBJC_WEAK = YES;
				CLANG_WARN_BLOCK_CAPTURE_AUTORELEASING = YES;
				CLANG_WARN_BOOL_CONVERSION = YES;
				CLANG_WARN_COMMA = YES;
				CLANG_WARN_CONSTANT_CONVERSION = YES;
				CLANG_WARN_DEPRECATED_OBJC_IMPLEMENTATIONS = YES;
				CLANG_WARN_DIRECT_OBJC_ISA_USAGE = YES_ERROR;
				CLANG_WARN_DOCUMENTATION_COMMENTS = YES;
				CLANG_WARN_EMPTY_BODY = YES;
				CLANG_WARN_ENUM_CONVERSION = YES;
				CLANG_WARN_INFINITE_RECURSION = YES;
				CLANG_WARN_INT_CONVERSION = YES;
				CLANG_WARN_NON_LITERAL_NULL_CONVERSION = YES;
				CLANG_WARN_OBJC_IMPLICIT_RETAIN_SELF = YES;
				CLANG_WARN_OBJC_LITERAL_CONVERSION = YES;
				CLANG_WARN_OBJC_ROOT_CLASS = YES_ERROR;
				CLANG_WARN_QUOTED_INCLUDE_IN_FRAMEWORK_HEADER = YES;
				CLANG_WARN_RANGE_LOOP_ANALYSIS = YES;
				CLANG_WARN_STRICT_PROTOTYPES = YES;
				CLANG_WARN_SUSPICIOUS_MOVE = YES;
				CLANG_WARN_UNGUARDED_AVAILABILITY = YES_AGGRESSIVE;
				CLANG_WARN_UNREACHABLE_CODE = YES;
				CLANG_WARN__DUPLICATE_METHOD_MATCH = YES;
				COPY_PHASE_STRIP = NO;
				DEBUG_INFORMATION_FORMAT = "dwarf-with-dsym";
				ENABLE_NS_ASSERTIONS = NO;
				ENABLE_STRICT_OBJC_MSGSEND = YES;
				GCC_C_LANGUAGE_STANDARD = gnu11;
				GCC_NO_COMMON_BLOCKS = YES;
				GCC_WARN_64_TO_32_BIT_CONVERSION = YES;
				GCC_WARN_ABOUT_RETURN_TYPE = YES_ERROR;
				GCC_WARN_UNDECLARED_SELECTOR = YES;
				GCC_WARN_UNINITIALIZED_AUTOS = YES_AGGRESSIVE;
				GCC_WARN_UNUSED_FUNCTION = YES;
				GCC_WARN_UNUSED_VARIABLE = YES;
				IPHONEOS_DEPLOYMENT_TARGET = 16.2;
				MTL_ENABLE_DEBUG_INFO = NO;
				MTL_FAST_MATH = YES;
				SDKROOT = iphoneos;
				SWIFT_COMPILATION_MODE = wholemodule;
				SWIFT_OPTIMIZATION_LEVEL = "-O";
				VALIDATE_PRODUCT = YES;
			};
			name = Release;
		};
		5F88B2F32953746900641E6E /* Debug */ = {
			isa = XCBuildConfiguration;
			buildSettings = {
				ASSETCATALOG_COMPILER_APPICON_NAME = AppIcon;
				ASSETCATALOG_COMPILER_GLOBAL_ACCENT_COLOR_NAME = AccentColor;
				CODE_SIGN_STYLE = Automatic;
				CURRENT_PROJECT_VERSION = 1;
				DEVELOPMENT_ASSET_PATHS = "\"UberClone_SwiftUI/Preview Content\"";
				DEVELOPMENT_TEAM = C6B54RTAJZ;
				ENABLE_PREVIEWS = YES;
				GENERATE_INFOPLIST_FILE = YES;
				INFOPLIST_KEY_NSLocationWhenInUseUsageDescription = "Please allow us to acces your location";
				INFOPLIST_KEY_UIApplicationSceneManifest_Generation = YES;
				INFOPLIST_KEY_UIApplicationSupportsIndirectInputEvents = YES;
				INFOPLIST_KEY_UILaunchScreen_Generation = YES;
				INFOPLIST_KEY_UISupportedInterfaceOrientations_iPad = "UIInterfaceOrientationPortrait UIInterfaceOrientationPortraitUpsideDown UIInterfaceOrientationLandscapeLeft UIInterfaceOrientationLandscapeRight";
				INFOPLIST_KEY_UISupportedInterfaceOrientations_iPhone = "UIInterfaceOrientationPortrait UIInterfaceOrientationLandscapeLeft UIInterfaceOrientationLandscapeRight";
				LD_RUNPATH_SEARCH_PATHS = (
					"$(inherited)",
					"@executable_path/Frameworks",
				);
				MARKETING_VERSION = 1.0;
				PRODUCT_BUNDLE_IDENTIFIER = "com.Mapp.UberClone-SwiftUI";
				PRODUCT_NAME = "$(TARGET_NAME)";
				SWIFT_EMIT_LOC_STRINGS = YES;
				SWIFT_VERSION = 5.0;
				TARGETED_DEVICE_FAMILY = "1,2";
			};
			name = Debug;
		};
		5F88B2F42953746900641E6E /* Release */ = {
			isa = XCBuildConfiguration;
			buildSettings = {
				ASSETCATALOG_COMPILER_APPICON_NAME = AppIcon;
				ASSETCATALOG_COMPILER_GLOBAL_ACCENT_COLOR_NAME = AccentColor;
				CODE_SIGN_STYLE = Automatic;
				CURRENT_PROJECT_VERSION = 1;
				DEVELOPMENT_ASSET_PATHS = "\"UberClone_SwiftUI/Preview Content\"";
				DEVELOPMENT_TEAM = C6B54RTAJZ;
				ENABLE_PREVIEWS = YES;
				GENERATE_INFOPLIST_FILE = YES;
				INFOPLIST_KEY_NSLocationWhenInUseUsageDescription = "Please allow us to acces your location";
				INFOPLIST_KEY_UIApplicationSceneManifest_Generation = YES;
				INFOPLIST_KEY_UIApplicationSupportsIndirectInputEvents = YES;
				INFOPLIST_KEY_UILaunchScreen_Generation = YES;
				INFOPLIST_KEY_UISupportedInterfaceOrientations_iPad = "UIInterfaceOrientationPortrait UIInterfaceOrientationPortraitUpsideDown UIInterfaceOrientationLandscapeLeft UIInterfaceOrientationLandscapeRight";
				INFOPLIST_KEY_UISupportedInterfaceOrientations_iPhone = "UIInterfaceOrientationPortrait UIInterfaceOrientationLandscapeLeft UIInterfaceOrientationLandscapeRight";
				LD_RUNPATH_SEARCH_PATHS = (
					"$(inherited)",
					"@executable_path/Frameworks",
				);
				MARKETING_VERSION = 1.0;
				PRODUCT_BUNDLE_IDENTIFIER = "com.Mapp.UberClone-SwiftUI";
				PRODUCT_NAME = "$(TARGET_NAME)";
				SWIFT_EMIT_LOC_STRINGS = YES;
				SWIFT_VERSION = 5.0;
				TARGETED_DEVICE_FAMILY = "1,2";
			};
			name = Release;
		};
/* End XCBuildConfiguration section */

/* Begin XCConfigurationList section */
		5F88B2DF2953746800641E6E /* Build configuration list for PBXProject "UberClone_SwiftUI" */ = {
			isa = XCConfigurationList;
			buildConfigurations = (
				5F88B2F02953746900641E6E /* Debug */,
				5F88B2F12953746900641E6E /* Release */,
			);
			defaultConfigurationIsVisible = 0;
			defaultConfigurationName = Release;
		};
		5F88B2F22953746900641E6E /* Build configuration list for PBXNativeTarget "UberClone_SwiftUI" */ = {
			isa = XCConfigurationList;
			buildConfigurations = (
				5F88B2F32953746900641E6E /* Debug */,
				5F88B2F42953746900641E6E /* Release */,
			);
			defaultConfigurationIsVisible = 0;
			defaultConfigurationName = Release;
		};
/* End XCConfigurationList section */
	};
	rootObject = 5F88B2DC2953746800641E6E /* Project object */;
}
